
Microsoft Visual Studio Solution File, Format Version 12.00
# Visual Studio 15
VisualStudioVersion = 15.0.27428.2015
MinimumVisualStudioVersion = 10.0.40219.1
Project("{F184B08F-C81C-45F6-A57F-5ABD9991F28F}") = "SAM_Stat", "SAM_Stat\SAM_Stat.vbproj", "{C13CC0EE-EB46-45C0-A95E-A6BD67F8D355}"
	ProjectSection(ProjectDependencies) = postProject
		{DFB9C4E2-C98C-4401-A650-756ABAB52663} = {DFB9C4E2-C98C-4401-A650-756ABAB52663}
	EndProjectSection
EndProject
Project("{FAE04EC0-301F-11D3-BF4B-00C04F79EFBC}") = "Bio.Core", "Bio.Core\Bio.Core.csproj", "{DFB9C4E2-C98C-4401-A650-756ABAB52663}"
	ProjectSection(ProjectDependencies) = postProject
		{83CBB611-4049-456A-B87B-0B2CFC4797FA} = {83CBB611-4049-456A-B87B-0B2CFC4797FA}
	EndProjectSection
EndProject
Project("{FAE04EC0-301F-11D3-BF4B-00C04F79EFBC}") = "Bio.Platform.Helpers", "Bio.Platform.Helpers\Bio.Platform.Helpers.csproj", "{83CBB611-4049-456A-B87B-0B2CFC4797FA}"
EndProject
Project("{2150E333-8FDC-42A3-9474-1A3956D46DE8}") = "Setup", "Setup", "{5942B94E-F53F-4903-95AD-CAC40D831FE1}"
	ProjectSection(SolutionItems) = preProject
		Sam_Stat_Setup\SAM_Stat.application = Sam_Stat_Setup\SAM_Stat.application
		Sam_Stat_Setup\setup.exe = Sam_Stat_Setup\setup.exe
	EndProjectSection
EndProject
Project("{2150E333-8FDC-42A3-9474-1A3956D46DE8}") = "Application FIles", "Application FIles", "{68747295-32B2-4037-AAF6-512A81D5B615}"
EndProject
Project("{2150E333-8FDC-42A3-9474-1A3956D46DE8}") = "SAM_Stat_1_0_0_2", "SAM_Stat_1_0_0_2", "{92AD7113-A35B-4719-81C1-800CCA8D22C4}"
	ProjectSection(SolutionItems) = preProject
		Sam_Stat_Setup\Application Files\SAM_Stat_1_0_0_2\Bio.Core.dll.deploy = Sam_Stat_Setup\Application Files\SAM_Stat_1_0_0_2\Bio.Core.dll.deploy
		Sam_Stat_Setup\Application Files\SAM_Stat_1_0_0_2\Bio.Platform.Helpers.dll.deploy = Sam_Stat_Setup\Application Files\SAM_Stat_1_0_0_2\Bio.Platform.Helpers.dll.deploy
		Sam_Stat_Setup\Application Files\SAM_Stat_1_0_0_2\SAM_Stat.application = Sam_Stat_Setup\Application Files\SAM_Stat_1_0_0_2\SAM_Stat.application
		Sam_Stat_Setup\Application Files\SAM_Stat_1_0_0_2\SAM_Stat.exe.config.deploy = Sam_Stat_Setup\Application Files\SAM_Stat_1_0_0_2\SAM_Stat.exe.config.deploy
		Sam_Stat_Setup\Application Files\SAM_Stat_1_0_0_2\SAM_Stat.exe.deploy = Sam_Stat_Setup\Application Files\SAM_Stat_1_0_0_2\SAM_Stat.exe.deploy
		Sam_Stat_Setup\Application Files\SAM_Stat_1_0_0_2\SAM_Stat.exe.manifest = Sam_Stat_Setup\Application Files\SAM_Stat_1_0_0_2\SAM_Stat.exe.manifest
	EndProjectSection
EndProject
Global
	GlobalSection(SolutionConfigurationPlatforms) = preSolution
		Debug|Any CPU = Debug|Any CPU
		Debug|x64 = Debug|x64
		Debug|x86 = Debug|x86
		Release|Any CPU = Release|Any CPU
		Release|x64 = Release|x64
		Release|x86 = Release|x86
	EndGlobalSection
	GlobalSection(ProjectConfigurationPlatforms) = postSolution
		{C13CC0EE-EB46-45C0-A95E-A6BD67F8D355}.Debug|Any CPU.ActiveCfg = Debug|x86
		{C13CC0EE-EB46-45C0-A95E-A6BD67F8D355}.Debug|Any CPU.Build.0 = Debug|x86
		{C13CC0EE-EB46-45C0-A95E-A6BD67F8D355}.Debug|x64.ActiveCfg = Debug|Any CPU
		{C13CC0EE-EB46-45C0-A95E-A6BD67F8D355}.Debug|x64.Build.0 = Debug|Any CPU
		{C13CC0EE-EB46-45C0-A95E-A6BD67F8D355}.Debug|x86.ActiveCfg = Debug|x86
		{C13CC0EE-EB46-45C0-A95E-A6BD67F8D355}.Debug|x86.Build.0 = Debug|x86
		{C13CC0EE-EB46-45C0-A95E-A6BD67F8D355}.Release|Any CPU.ActiveCfg = Release|Any CPU
		{C13CC0EE-EB46-45C0-A95E-A6BD67F8D355}.Release|Any CPU.Build.0 = Release|Any CPU
		{C13CC0EE-EB46-45C0-A95E-A6BD67F8D355}.Release|x64.ActiveCfg = Release|x64
		{C13CC0EE-EB46-45C0-A95E-A6BD67F8D355}.Release|x64.Build.0 = Release|x64
		{C13CC0EE-EB46-45C0-A95E-A6BD67F8D355}.Release|x86.ActiveCfg = Release|x86
		{C13CC0EE-EB46-45C0-A95E-A6BD67F8D355}.Release|x86.Build.0 = Release|x86
		{DFB9C4E2-C98C-4401-A650-756ABAB52663}.Debug|Any CPU.ActiveCfg = Debug|x86
		{DFB9C4E2-C98C-4401-A650-756ABAB52663}.Debug|Any CPU.Build.0 = Debug|x86
		{DFB9C4E2-C98C-4401-A650-756ABAB52663}.Debug|x64.ActiveCfg = Debug|x64
		{DFB9C4E2-C98C-4401-A650-756ABAB52663}.Debug|x64.Build.0 = Debug|x64
		{DFB9C4E2-C98C-4401-A650-756ABAB52663}.Debug|x86.ActiveCfg = Debug|x86
		{DFB9C4E2-C98C-4401-A650-756ABAB52663}.Debug|x86.Build.0 = Debug|x86
		{DFB9C4E2-C98C-4401-A650-756ABAB52663}.Release|Any CPU.ActiveCfg = Release|Any CPU
		{DFB9C4E2-C98C-4401-A650-756ABAB52663}.Release|Any CPU.Build.0 = Release|Any CPU
		{DFB9C4E2-C98C-4401-A650-756ABAB52663}.Release|x64.ActiveCfg = Release|x64
		{DFB9C4E2-C98C-4401-A650-756ABAB52663}.Release|x64.Build.0 = Release|x64
		{DFB9C4E2-C98C-4401-A650-756ABAB52663}.Release|x86.ActiveCfg = Release|x86
		{DFB9C4E2-C98C-4401-A650-756ABAB52663}.Release|x86.Build.0 = Release|x86
		{83CBB611-4049-456A-B87B-0B2CFC4797FA}.Debug|Any CPU.ActiveCfg = Debug|Any CPU
		{83CBB611-4049-456A-B87B-0B2CFC4797FA}.Debug|Any CPU.Build.0 = Debug|Any CPU
		{83CBB611-4049-456A-B87B-0B2CFC4797FA}.Debug|x64.ActiveCfg = Debug|Any CPU
		{83CBB611-4049-456A-B87B-0B2CFC4797FA}.Debug|x64.Build.0 = Debug|Any CPU
		{83CBB611-4049-456A-B87B-0B2CFC4797FA}.Debug|x86.ActiveCfg = Debug|Any CPU
		{83CBB611-4049-456A-B87B-0B2CFC4797FA}.Debug|x86.Build.0 = Debug|Any CPU
		{83CBB611-4049-456A-B87B-0B2CFC4797FA}.Release|Any CPU.ActiveCfg = Release|Any CPU
		{83CBB611-4049-456A-B87B-0B2CFC4797FA}.Release|Any CPU.Build.0 = Release|Any CPU
		{83CBB611-4049-456A-B87B-0B2CFC4797FA}.Release|x64.ActiveCfg = Release|Any CPU
		{83CBB611-4049-456A-B87B-0B2CFC4797FA}.Release|x64.Build.0 = Release|Any CPU
		{83CBB611-4049-456A-B87B-0B2CFC4797FA}.Release|x86.ActiveCfg = Release|Any CPU
		{83CBB611-4049-456A-B87B-0B2CFC4797FA}.Release|x86.Build.0 = Release|Any CPU
	EndGlobalSection
	GlobalSection(SolutionProperties) = preSolution
		HideSolutionNode = FALSE
	EndGlobalSection
	GlobalSection(NestedProjects) = preSolution
		{68747295-32B2-4037-AAF6-512A81D5B615} = {5942B94E-F53F-4903-95AD-CAC40D831FE1}
		{92AD7113-A35B-4719-81C1-800CCA8D22C4} = {68747295-32B2-4037-AAF6-512A81D5B615}
	EndGlobalSection
	GlobalSection(ExtensibilityGlobals) = postSolution
		SolutionGuid = {A155FF2F-00F9-4E26-B3FD-5EB61372FD6F}
	EndGlobalSection
EndGlobal
